
Microsoft Visual Studio Solution File, Format Version 12.00
# Visual Studio 2012
Project("{FAE04EC0-301F-11D3-BF4B-00C04F79EFBC}") = "warpgate", "warpgate\warpgate.csproj", "{F547DED9-A4D1-4990-AC64-17B309E32305}"
EndProject
Project("{FAE04EC0-301F-11D3-BF4B-00C04F79EFBC}") = "warpgate.cli", "warpgate.cli\warpgate.cli.csproj", "{6878E96A-7231-4E16-A7F7-5ABB3B775761}"
EndProject
Global
	GlobalSection(SolutionConfigurationPlatforms) = preSolution
		Debug|x86 = Debug|x86
		Release|x86 = Release|x86
	EndGlobalSection
	GlobalSection(ProjectConfigurationPlatforms) = postSolution
		{6878E96A-7231-4E16-A7F7-5ABB3B775761}.Debug|x86.ActiveCfg = Debug|x86
		{6878E96A-7231-4E16-A7F7-5ABB3B775761}.Debug|x86.Build.0 = Debug|x86
		{6878E96A-7231-4E16-A7F7-5ABB3B775761}.Release|x86.ActiveCfg = Release|x86
		{6878E96A-7231-4E16-A7F7-5ABB3B775761}.Release|x86.Build.0 = Release|x86
		{F547DED9-A4D1-4990-AC64-17B309E32305}.Debug|x86.ActiveCfg = Debug|Any CPU
		{F547DED9-A4D1-4990-AC64-17B309E32305}.Debug|x86.Build.0 = Debug|Any CPU
		{F547DED9-A4D1-4990-AC64-17B309E32305}.Release|x86.ActiveCfg = Release|Any CPU
		{F547DED9-A4D1-4990-AC64-17B309E32305}.Release|x86.Build.0 = Release|Any CPU
	EndGlobalSection
EndGlobal
